{
  "name": "Sistem-Absensi-PKL",
  "lockfileVersion": 2,
  "requires": true,
  "packages": {
    "": {
      "dependencies": {
        "fullcalendar-scheduler": "^6.1.17"
      }
    },
    "node_modules/@fullcalendar/adaptive": {
      "version": "6.1.17",
      "resolved": "https://registry.npmjs.org/@fullcalendar/adaptive/-/adaptive-6.1.17.tgz",
      "integrity": "sha512-LAdPzAU7OA/fozyAFX0Xo2VcjXelzoo2byp6ZWwJ2OoWzfMBxj4KPrSnjfU+FVDkNOJtRAocXJ+0vlVf9xosPw==",
      "dependencies": {
        "@fullcalendar/premium-common": "~6.1.17"
      },
      "peerDependencies": {
        "@fullcalendar/core": "~6.1.17"
      }
    },
    "node_modules/@fullcalendar/core": {
      "version": "6.1.17",
      "resolved": "https://registry.npmjs.org/@fullcalendar/core/-/core-6.1.17.tgz",
      "integrity": "sha512-0W7lnIrv18ruJ5zeWBeNZXO8qCWlzxDdp9COFEsZnyNjiEhUVnrW/dPbjRKYpL0edGG0/Lhs0ghp1z/5ekt8ZA==",
      "dependencies": {
        "preact": "~10.12.1"
      }
    },
    "node_modules/@fullcalendar/daygrid": {
      "version": "6.1.17",
      "resolved": "https://registry.npmjs.org/@fullcalendar/daygrid/-/daygrid-6.1.17.tgz",
      "integrity": "sha512-K7m+pd7oVJ9fW4h7CLDdDGJbc9szJ1xDU1DZ2ag+7oOo1aCNLv44CehzkkknM6r8EYlOOhgaelxQpKAI4glj7A==",
      "peerDependencies": {
        "@fullcalendar/core": "~6.1.17"
      }
    },
    "node_modules/@fullcalendar/interaction": {
      "version": "6.1.17",
      "resolved": "https://registry.npmjs.org/@fullcalendar/interaction/-/interaction-6.1.17.tgz",
      "integrity": "sha512-AudvQvgmJP2FU89wpSulUUjeWv24SuyCx8FzH2WIPVaYg+vDGGYarI7K6PcM3TH7B/CyaBjm5Rqw9lXgnwt5YA==",
      "peerDependencies": {
        "@fullcalendar/core": "~6.1.17"
      }
    },
    "node_modules/@fullcalendar/list": {
      "version": "6.1.17",
      "resolved": "https://registry.npmjs.org/@fullcalendar/list/-/list-6.1.17.tgz",
      "integrity": "sha512-fkyK49F9IxwlGUBVhJGsFpd/LTi/vRVERLIAe1HmBaGkjwpxnynm8TMLb9mZip97wvDk3CmZWduMe6PxscAlow==",
      "peerDependencies": {
        "@fullcalendar/core": "~6.1.17"
      }
    },
    "node_modules/@fullcalendar/multimonth": {
      "version": "6.1.17",
      "resolved": "https://registry.npmjs.org/@fullcalendar/multimonth/-/multimonth-6.1.17.tgz",
      "integrity": "sha512-ZxA9mkTzKayCdxR5je9P9++qqhSeSbuvXmvZ6doZw6omv8K52cD7XJii+P7gvxATXxtI6hg4i+DuMyOHxP1E2g==",
      "dependencies": {
        "@fullcalendar/daygrid": "~6.1.17"
      },
      "peerDependencies": {
        "@fullcalendar/core": "~6.1.17"
      }
    },
    "node_modules/@fullcalendar/premium-common": {
      "version": "6.1.17",
      "resolved": "https://registry.npmjs.org/@fullcalendar/premium-common/-/premium-common-6.1.17.tgz",
      "integrity": "sha512-zoN7fMwGMcP6Xu+2YudRAGfdwD2J+V+A/xAieXgYDSZT+5ekCsjZiwb2rmvthjt+HVnuZcqs6sGp7rnJ8Ie/mA==",
      "peerDependencies": {
        "@fullcalendar/core": "~6.1.17"
      }
    },
    "node_modules/@fullcalendar/resource": {
      "version": "6.1.17",
      "resolved": "https://registry.npmjs.org/@fullcalendar/resource/-/resource-6.1.17.tgz",
      "integrity": "sha512-hWnbOWlroIN5Wt4NJmHAJh/F7ge2cV6S0PdGSmLFoZJZJA0hJX9GeYRzyz4MlUoj7f4dGzBlesy2RdC+t5FEMw==",
      "dependencies": {
        "@fullcalendar/premium-common": "~6.1.17"
      },
      "peerDependencies": {
        "@fullcalendar/core": "~6.1.17"
      }
    },
    "node_modules/@fullcalendar/resource-daygrid": {
      "version": "6.1.17",
      "resolved": "https://registry.npmjs.org/@fullcalendar/resource-daygrid/-/resource-daygrid-6.1.17.tgz",
      "integrity": "sha512-BghbufO4lsy/dckmPSxGzaxLH4c9oqykG01khYXRJijbls358CgSe+X9m1Jd5ntRZQU8o3U0Ma0pTZHr7Nx/6A==",
      "dependencies": {
        "@fullcalendar/daygrid": "~6.1.17",
        "@fullcalendar/premium-common": "~6.1.17"
      },
      "peerDependencies": {
        "@fullcalendar/core": "~6.1.17",
        "@fullcalendar/resource": "~6.1.17"
      }
    },
    "node_modules/@fullcalendar/resource-timegrid": {
      "version": "6.1.17",
      "resolved": "https://registry.npmjs.org/@fullcalendar/resource-timegrid/-/resource-timegrid-6.1.17.tgz",
      "integrity": "sha512-9gsR/2oKTb9zpx7z2/B5rbk2A0dmD/sfYAARSyQTuQD1CI5He8q63jdcYVzWW3CCfJa/5jHEqQaIiCKNlCq6vg==",
      "dependencies": {
        "@fullcalendar/premium-common": "~6.1.17",
        "@fullcalendar/resource-daygrid": "~6.1.17",
        "@fullcalendar/timegrid": "~6.1.17"
      },
      "peerDependencies": {
        "@fullcalendar/core": "~6.1.17",
        "@fullcalendar/resource": "~6.1.17"
      }
    },
    "node_modules/@fullcalendar/resource-timeline": {
      "version": "6.1.17",
      "resolved": "https://registry.npmjs.org/@fullcalendar/resource-timeline/-/resource-timeline-6.1.17.tgz",
      "integrity": "sha512-QMrtc1mLs4c6DtlBNmWICef8Lr4CmzE47uWS/rcJBd9K2kBzvusTp7AQQ1qn3RX5UnjNHqT8pkKO/wE4yspJQw==",
      "dependencies": {
        "@fullcalendar/premium-common": "~6.1.17",
        "@fullcalendar/scrollgrid": "~6.1.17",
        "@fullcalendar/timeline": "~6.1.17"
      },
      "peerDependencies": {
        "@fullcalendar/core": "~6.1.17",
        "@fullcalendar/resource": "~6.1.17"
      }
    },
    "node_modules/@fullcalendar/scrollgrid": {
      "version": "6.1.17",
      "resolved": "https://registry.npmjs.org/@fullcalendar/scrollgrid/-/scrollgrid-6.1.17.tgz",
      "integrity": "sha512-lzphEKwxWMS4xQVEuimzZjKFLijlSn49ExvzkYZls0VLDwOa3BYHcRlDJBjQ0LP6kauz9aatg3MfRIde/LAazA==",
      "dependencies": {
        "@fullcalendar/premium-common": "~6.1.17"
      },
      "peerDependencies": {
        "@fullcalendar/core": "~6.1.17"
      }
    },
    "node_modules/@fullcalendar/timegrid": {
      "version": "6.1.17",
      "resolved": "https://registry.npmjs.org/@fullcalendar/timegrid/-/timegrid-6.1.17.tgz",
      "integrity": "sha512-K4PlA3L3lclLOs3IX8cvddeiJI9ZVMD7RA9IqaWwbvac771971foc9tFze9YY+Pqesf6S+vhS2dWtEVlERaGlQ==",
      "dependencies": {
        "@fullcalendar/daygrid": "~6.1.17"
      },
      "peerDependencies": {
        "@fullcalendar/core": "~6.1.17"
      }
    },
    "node_modules/@fullcalendar/timeline": {
      "version": "6.1.17",
      "resolved": "https://registry.npmjs.org/@fullcalendar/timeline/-/timeline-6.1.17.tgz",
      "integrity": "sha512-UhL2OOph/S0cEKs3lzbXjS2gTxmQwaNug2XFjdljvO/ERj10v7OBXj/zvJrPyhjvWR/CSgjNgBaUpngkCu4JtQ==",
      "dependencies": {
        "@fullcalendar/premium-common": "~6.1.17",
        "@fullcalendar/scrollgrid": "~6.1.17"
      },
      "peerDependencies": {
        "@fullcalendar/core": "~6.1.17"
      }
    },
    "node_modules/fullcalendar-scheduler": {
      "version": "6.1.17",
      "resolved": "https://registry.npmjs.org/fullcalendar-scheduler/-/fullcalendar-scheduler-6.1.17.tgz",
      "integrity": "sha512-1O/LRnA1FrWoICjRa+vq/VSnEW0O6PEV7Lgrd2EdDi0b3AX/sA/WM4xm4d2UUqmicYltWEQDpNkpECrYEJ4Vew==",
      "dependencies": {
        "@fullcalendar/adaptive": "~6.1.17",
        "@fullcalendar/core": "~6.1.17",
        "@fullcalendar/daygrid": "~6.1.17",
        "@fullcalendar/interaction": "~6.1.17",
        "@fullcalendar/list": "~6.1.17",
        "@fullcalendar/multimonth": "~6.1.17",
        "@fullcalendar/resource": "~6.1.17",
        "@fullcalendar/resource-daygrid": "~6.1.17",
        "@fullcalendar/resource-timegrid": "~6.1.17",
        "@fullcalendar/resource-timeline": "~6.1.17",
        "@fullcalendar/scrollgrid": "~6.1.17",
        "@fullcalendar/timegrid": "~6.1.17",
        "@fullcalendar/timeline": "~6.1.17"
      }
    },
    "node_modules/preact": {
      "version": "10.12.1",
      "resolved": "https://registry.npmjs.org/preact/-/preact-10.12.1.tgz",
      "integrity": "sha512-l8386ixSsBdbreOAkqtrwqHwdvR35ID8c3rKPa8lCWuO86dBi32QWHV4vfsZK1utLLFMvw+Z5Ad4XLkZzchscg==",
      "funding": {
        "type": "opencollective",
        "url": "https://opencollective.com/preact"
      }
    }
  },
  "dependencies": {
    "@fullcalendar/adaptive": {
      "version": "6.1.17",
      "resolved": "https://registry.npmjs.org/@fullcalendar/adaptive/-/adaptive-6.1.17.tgz",
      "integrity": "sha512-LAdPzAU7OA/fozyAFX0Xo2VcjXelzoo2byp6ZWwJ2OoWzfMBxj4KPrSnjfU+FVDkNOJtRAocXJ+0vlVf9xosPw==",
      "requires": {
        "@fullcalendar/premium-common": "~6.1.17"
      }
    },
    "@fullcalendar/core": {
      "version": "6.1.17",
      "resolved": "https://registry.npmjs.org/@fullcalendar/core/-/core-6.1.17.tgz",
      "integrity": "sha512-0W7lnIrv18ruJ5zeWBeNZXO8qCWlzxDdp9COFEsZnyNjiEhUVnrW/dPbjRKYpL0edGG0/Lhs0ghp1z/5ekt8ZA==",
      "requires": {
        "preact": "~10.12.1"
      }
    },
    "@fullcalendar/daygrid": {
      "version": "6.1.17",
      "resolved": "https://registry.npmjs.org/@fullcalendar/daygrid/-/daygrid-6.1.17.tgz",
      "integrity": "sha512-K7m+pd7oVJ9fW4h7CLDdDGJbc9szJ1xDU1DZ2ag+7oOo1aCNLv44CehzkkknM6r8EYlOOhgaelxQpKAI4glj7A==",
      "requires": {}
    },
    "@fullcalendar/interaction": {
      "version": "6.1.17",
      "resolved": "https://registry.npmjs.org/@fullcalendar/interaction/-/interaction-6.1.17.tgz",
      "integrity": "sha512-AudvQvgmJP2FU89wpSulUUjeWv24SuyCx8FzH2WIPVaYg+vDGGYarI7K6PcM3TH7B/CyaBjm5Rqw9lXgnwt5YA==",
      "requires": {}
    },
    "@fullcalendar/list": {
      "version": "6.1.17",
      "resolved": "https://registry.npmjs.org/@fullcalendar/list/-/list-6.1.17.tgz",
      "integrity": "sha512-fkyK49F9IxwlGUBVhJGsFpd/LTi/vRVERLIAe1HmBaGkjwpxnynm8TMLb9mZip97wvDk3CmZWduMe6PxscAlow==",
      "requires": {}
    },
    "@fullcalendar/multimonth": {
      "version": "6.1.17",
      "resolved": "https://registry.npmjs.org/@fullcalendar/multimonth/-/multimonth-6.1.17.tgz",
      "integrity": "sha512-ZxA9mkTzKayCdxR5je9P9++qqhSeSbuvXmvZ6doZw6omv8K52cD7XJii+P7gvxATXxtI6hg4i+DuMyOHxP1E2g==",
      "requires": {
        "@fullcalendar/daygrid": "~6.1.17"
      }
    },
    "@fullcalendar/premium-common": {
      "version": "6.1.17",
      "resolved": "https://registry.npmjs.org/@fullcalendar/premium-common/-/premium-common-6.1.17.tgz",
      "integrity": "sha512-zoN7fMwGMcP6Xu+2YudRAGfdwD2J+V+A/xAieXgYDSZT+5ekCsjZiwb2rmvthjt+HVnuZcqs6sGp7rnJ8Ie/mA==",
      "requires": {}
    },
    "@fullcalendar/resource": {
      "version": "6.1.17",
      "resolved": "https://registry.npmjs.org/@fullcalendar/resource/-/resource-6.1.17.tgz",
      "integrity": "sha512-hWnbOWlroIN5Wt4NJmHAJh/F7ge2cV6S0PdGSmLFoZJZJA0hJX9GeYRzyz4MlUoj7f4dGzBlesy2RdC+t5FEMw==",
      "requires": {
        "@fullcalendar/premium-common": "~6.1.17"
      }
    },
    "@fullcalendar/resource-daygrid": {
      "version": "6.1.17",
      "resolved": "https://registry.npmjs.org/@fullcalendar/resource-daygrid/-/resource-daygrid-6.1.17.tgz",
      "integrity": "sha512-BghbufO4lsy/dckmPSxGzaxLH4c9oqykG01khYXRJijbls358CgSe+X9m1Jd5ntRZQU8o3U0Ma0pTZHr7Nx/6A==",
      "requires": {
        "@fullcalendar/daygrid": "~6.1.17",
        "@fullcalendar/premium-common": "~6.1.17"
      }
    },
    "@fullcalendar/resource-timegrid": {
      "version": "6.1.17",
      "resolved": "https://registry.npmjs.org/@fullcalendar/resource-timegrid/-/resource-timegrid-6.1.17.tgz",
      "integrity": "sha512-9gsR/2oKTb9zpx7z2/B5rbk2A0dmD/sfYAARSyQTuQD1CI5He8q63jdcYVzWW3CCfJa/5jHEqQaIiCKNlCq6vg==",
      "requires": {
        "@fullcalendar/premium-common": "~6.1.17",
        "@fullcalendar/resource-daygrid": "~6.1.17",
        "@fullcalendar/timegrid": "~6.1.17"
      }
    },
    "@fullcalendar/resource-timeline": {
      "version": "6.1.17",
      "resolved": "https://registry.npmjs.org/@fullcalendar/resource-timeline/-/resource-timeline-6.1.17.tgz",
      "integrity": "sha512-QMrtc1mLs4c6DtlBNmWICef8Lr4CmzE47uWS/rcJBd9K2kBzvusTp7AQQ1qn3RX5UnjNHqT8pkKO/wE4yspJQw==",
      "requires": {
        "@fullcalendar/premium-common": "~6.1.17",
        "@fullcalendar/scrollgrid": "~6.1.17",
        "@fullcalendar/timeline": "~6.1.17"
      }
    },
    "@fullcalendar/scrollgrid": {
      "version": "6.1.17",
      "resolved": "https://registry.npmjs.org/@fullcalendar/scrollgrid/-/scrollgrid-6.1.17.tgz",
      "integrity": "sha512-lzphEKwxWMS4xQVEuimzZjKFLijlSn49ExvzkYZls0VLDwOa3BYHcRlDJBjQ0LP6kauz9aatg3MfRIde/LAazA==",
      "requires": {
        "@fullcalendar/premium-common": "~6.1.17"
      }
    },
    "@fullcalendar/timegrid": {
      "version": "6.1.17",
      "resolved": "https://registry.npmjs.org/@fullcalendar/timegrid/-/timegrid-6.1.17.tgz",
      "integrity": "sha512-K4PlA3L3lclLOs3IX8cvddeiJI9ZVMD7RA9IqaWwbvac771971foc9tFze9YY+Pqesf6S+vhS2dWtEVlERaGlQ==",
      "requires": {
        "@fullcalendar/daygrid": "~6.1.17"
      }
    },
    "@fullcalendar/timeline": {
      "version": "6.1.17",
      "resolved": "https://registry.npmjs.org/@fullcalendar/timeline/-/timeline-6.1.17.tgz",
      "integrity": "sha512-UhL2OOph/S0cEKs3lzbXjS2gTxmQwaNug2XFjdljvO/ERj10v7OBXj/zvJrPyhjvWR/CSgjNgBaUpngkCu4JtQ==",
      "requires": {
        "@fullcalendar/premium-common": "~6.1.17",
        "@fullcalendar/scrollgrid": "~6.1.17"
      }
    },
    "fullcalendar-scheduler": {
      "version": "6.1.17",
      "resolved": "https://registry.npmjs.org/fullcalendar-scheduler/-/fullcalendar-scheduler-6.1.17.tgz",
      "integrity": "sha512-1O/LRnA1FrWoICjRa+vq/VSnEW0O6PEV7Lgrd2EdDi0b3AX/sA/WM4xm4d2UUqmicYltWEQDpNkpECrYEJ4Vew==",
      "requires": {
        "@fullcalendar/adaptive": "~6.1.17",
        "@fullcalendar/core": "~6.1.17",
        "@fullcalendar/daygrid": "~6.1.17",
        "@fullcalendar/interaction": "~6.1.17",
        "@fullcalendar/list": "~6.1.17",
        "@fullcalendar/multimonth": "~6.1.17",
        "@fullcalendar/resource": "~6.1.17",
        "@fullcalendar/resource-daygrid": "~6.1.17",
        "@fullcalendar/resource-timegrid": "~6.1.17",
        "@fullcalendar/resource-timeline": "~6.1.17",
        "@fullcalendar/scrollgrid": "~6.1.17",
        "@fullcalendar/timegrid": "~6.1.17",
        "@fullcalendar/timeline": "~6.1.17"
      }
    },
    "preact": {
      "version": "10.12.1",
      "resolved": "https://registry.npmjs.org/preact/-/preact-10.12.1.tgz",
      "integrity": "sha512-l8386ixSsBdbreOAkqtrwqHwdvR35ID8c3rKPa8lCWuO86dBi32QWHV4vfsZK1utLLFMvw+Z5Ad4XLkZzchscg=="
    }
  }
}
